
Microsoft Visual Studio Solution File, Format Version 12.00
# Visual Studio Version 17
VisualStudioVersion = 17.5.33326.253
MinimumVisualStudioVersion = 10.0.40219.1
Project("{9A19103F-16F7-4668-BE54-9A1E7A4F7556}") = "TwitterStreamingWorker", "TwitterStreamingWorker\TwitterStreamingWorker.csproj", "{8A4BD503-BAE5-49C3-AB19-A31A3056AFE2}"
EndProject
Project("{9A19103F-16F7-4668-BE54-9A1E7A4F7556}") = "Twitter.Client.Shared", "Twitter.Client.Shared\Twitter.Client.Shared.csproj", "{ECD1E6E7-040F-4645-9E8E-07426E9BA596}"
EndProject
Project("{9A19103F-16F7-4668-BE54-9A1E7A4F7556}") = "Twitter.Models", "Twitter.Models\Twitter.Models.csproj", "{591BC909-46F3-4405-8D63-F0CB13C4A72E}"
EndProject
Project("{9A19103F-16F7-4668-BE54-9A1E7A4F7556}") = "Twitter.Services", "Twitter.Services\Twitter.Services.csproj", "{D900A29C-D404-4909-A26A-B1B10F5FD3AD}"
EndProject
Project("{9A19103F-16F7-4668-BE54-9A1E7A4F7556}") = "Twitter.Tests", "Twitter.Tests\Twitter.Tests.csproj", "{BD5D3FBA-3ACC-4BEB-9E5F-A648E642CA1E}"
EndProject
Project("{9A19103F-16F7-4668-BE54-9A1E7A4F7556}") = "TwitterServer.Client", "TwitterServer.Client\TwitterServer.Client.csproj", "{38024C64-2AB8-46B6-857D-024A94DBFFD4}"
EndProject
Project("{9A19103F-16F7-4668-BE54-9A1E7A4F7556}") = "TwitterWasm.Client", "TwitterWasm.Client\TwitterWasm.Client.csproj", "{8593A231-602F-4DBF-BDD2-1047E5648681}"
EndProject
Global
	GlobalSection(SolutionConfigurationPlatforms) = preSolution
		Debug|Any CPU = Debug|Any CPU
		Release|Any CPU = Release|Any CPU
	EndGlobalSection
	GlobalSection(ProjectConfigurationPlatforms) = postSolution
		{8A4BD503-BAE5-49C3-AB19-A31A3056AFE2}.Debug|Any CPU.ActiveCfg = Debug|Any CPU
		{8A4BD503-BAE5-49C3-AB19-A31A3056AFE2}.Debug|Any CPU.Build.0 = Debug|Any CPU
		{8A4BD503-BAE5-49C3-AB19-A31A3056AFE2}.Release|Any CPU.ActiveCfg = Release|Any CPU
		{8A4BD503-BAE5-49C3-AB19-A31A3056AFE2}.Release|Any CPU.Build.0 = Release|Any CPU
		{ECD1E6E7-040F-4645-9E8E-07426E9BA596}.Debug|Any CPU.ActiveCfg = Debug|Any CPU
		{ECD1E6E7-040F-4645-9E8E-07426E9BA596}.Debug|Any CPU.Build.0 = Debug|Any CPU
		{ECD1E6E7-040F-4645-9E8E-07426E9BA596}.Release|Any CPU.ActiveCfg = Release|Any CPU
		{ECD1E6E7-040F-4645-9E8E-07426E9BA596}.Release|Any CPU.Build.0 = Release|Any CPU
		{591BC909-46F3-4405-8D63-F0CB13C4A72E}.Debug|Any CPU.ActiveCfg = Debug|Any CPU
		{591BC909-46F3-4405-8D63-F0CB13C4A72E}.Debug|Any CPU.Build.0 = Debug|Any CPU
		{591BC909-46F3-4405-8D63-F0CB13C4A72E}.Release|Any CPU.ActiveCfg = Release|Any CPU
		{591BC909-46F3-4405-8D63-F0CB13C4A72E}.Release|Any CPU.Build.0 = Release|Any CPU
		{D900A29C-D404-4909-A26A-B1B10F5FD3AD}.Debug|Any CPU.ActiveCfg = Debug|Any CPU
		{D900A29C-D404-4909-A26A-B1B10F5FD3AD}.Debug|Any CPU.Build.0 = Debug|Any CPU
		{D900A29C-D404-4909-A26A-B1B10F5FD3AD}.Release|Any CPU.ActiveCfg = Release|Any CPU
		{D900A29C-D404-4909-A26A-B1B10F5FD3AD}.Release|Any CPU.Build.0 = Release|Any CPU
		{BD5D3FBA-3ACC-4BEB-9E5F-A648E642CA1E}.Debug|Any CPU.ActiveCfg = Debug|Any CPU
		{BD5D3FBA-3ACC-4BEB-9E5F-A648E642CA1E}.Debug|Any CPU.Build.0 = Debug|Any CPU
		{BD5D3FBA-3ACC-4BEB-9E5F-A648E642CA1E}.Release|Any CPU.ActiveCfg = Release|Any CPU
		{BD5D3FBA-3ACC-4BEB-9E5F-A648E642CA1E}.Release|Any CPU.Build.0 = Release|Any CPU
		{38024C64-2AB8-46B6-857D-024A94DBFFD4}.Debug|Any CPU.ActiveCfg = Debug|Any CPU
		{38024C64-2AB8-46B6-857D-024A94DBFFD4}.Debug|Any CPU.Build.0 = Debug|Any CPU
		{38024C64-2AB8-46B6-857D-024A94DBFFD4}.Release|Any CPU.ActiveCfg = Release|Any CPU
		{38024C64-2AB8-46B6-857D-024A94DBFFD4}.Release|Any CPU.Build.0 = Release|Any CPU
		{8593A231-602F-4DBF-BDD2-1047E5648681}.Debug|Any CPU.ActiveCfg = Debug|Any CPU
		{8593A231-602F-4DBF-BDD2-1047E5648681}.Debug|Any CPU.Build.0 = Debug|Any CPU
		{8593A231-602F-4DBF-BDD2-1047E5648681}.Release|Any CPU.ActiveCfg = Release|Any CPU
		{8593A231-602F-4DBF-BDD2-1047E5648681}.Release|Any CPU.Build.0 = Release|Any CPU
	EndGlobalSection
	GlobalSection(SolutionProperties) = preSolution
		HideSolutionNode = FALSE
	EndGlobalSection
	GlobalSection(ExtensibilityGlobals) = postSolution
		SolutionGuid = {84F86FF6-1C4E-4F7E-92A3-C78FF6B13509}
	EndGlobalSection
EndGlobal
